
Microsoft Visual Studio Solution File, Format Version 12.00
# Visual Studio Version 17
VisualStudioVersion = 17.5.002.0
MinimumVisualStudioVersion = 10.0.40219.1
Project("{9A19103F-16F7-4668-BE54-9A1E7A4F7556}") = "learningapp", "learningapp.csproj", "{A66ECBF7-DC91-4497-BF67-C343568810C9}"
EndProject
Global
	GlobalSection(SolutionConfigurationPlatforms) = preSolution
		Debug|Any CPU = Debug|Any CPU
		Release|Any CPU = Release|Any CPU
	EndGlobalSection
	GlobalSection(ProjectConfigurationPlatforms) = postSolution
		{A66ECBF7-DC91-4497-BF67-C343568810C9}.Debug|Any CPU.ActiveCfg = Debug|Any CPU
		{A66ECBF7-DC91-4497-BF67-C343568810C9}.Debug|Any CPU.Build.0 = Debug|Any CPU
		{A66ECBF7-DC91-4497-BF67-C343568810C9}.Release|Any CPU.ActiveCfg = Release|Any CPU
		{A66ECBF7-DC91-4497-BF67-C343568810C9}.Release|Any CPU.Build.0 = Release|Any CPU
	EndGlobalSection
	GlobalSection(SolutionProperties) = preSolution
		HideSolutionNode = FALSE
	EndGlobalSection
	GlobalSection(ExtensibilityGlobals) = postSolution
		SolutionGuid = {992D5987-0B5C-4D42-AD03-A4C037D2A5B3}
	EndGlobalSection
EndGlobal
